Microsoft Visual Studio Solution File, Format Version 12.00
# Visual Studio 2012
Project("{FAE04EC0-301F-11D3-BF4B-00C04F79EFBC}") = "DataLoader", "src\DataLoader\DataLoader.csproj", "{49247793-58CE-4FFC-8DED-2DF2D3193424}"
EndProject
Project("{FAE04EC0-301F-11D3-BF4B-00C04F79EFBC}") = "DataLoader.Tests", "test\DataLoader.Tests\DataLoader.Tests.csproj", "{22F9631E-90EE-405B-BEA2-77D0D24B39E3}"
EndProject
Project("{FAE04EC0-301F-11D3-BF4B-00C04F79EFBC}") = "DataLoader.GraphQL.StarWars", "samples\DataLoader.GraphQL.StarWars\DataLoader.GraphQL.StarWars.csproj", "{9A416EAB-7F8A-4966-987A-E7DC089995EC}"
EndProject
Global
	GlobalSection(SolutionConfigurationPlatforms) = preSolution
		Debug|Any CPU = Debug|Any CPU
		Release|Any CPU = Release|Any CPU
		Debug|x64 = Debug|x64
		Debug|x86 = Debug|x86
		Release|x64 = Release|x64
		Release|x86 = Release|x86
	EndGlobalSection
	GlobalSection(ProjectConfigurationPlatforms) = postSolution
		{49247793-58CE-4FFC-8DED-2DF2D3193424}.Debug|Any CPU.ActiveCfg = Debug|Any CPU
		{49247793-58CE-4FFC-8DED-2DF2D3193424}.Debug|Any CPU.Build.0 = Debug|Any CPU
		{49247793-58CE-4FFC-8DED-2DF2D3193424}.Release|Any CPU.ActiveCfg = Release|Any CPU
		{49247793-58CE-4FFC-8DED-2DF2D3193424}.Release|Any CPU.Build.0 = Release|Any CPU
		{49247793-58CE-4FFC-8DED-2DF2D3193424}.Debug|x64.ActiveCfg = Debug|x64
		{49247793-58CE-4FFC-8DED-2DF2D3193424}.Debug|x64.Build.0 = Debug|x64
		{49247793-58CE-4FFC-8DED-2DF2D3193424}.Debug|x86.ActiveCfg = Debug|x86
		{49247793-58CE-4FFC-8DED-2DF2D3193424}.Debug|x86.Build.0 = Debug|x86
		{49247793-58CE-4FFC-8DED-2DF2D3193424}.Release|x64.ActiveCfg = Release|x64
		{49247793-58CE-4FFC-8DED-2DF2D3193424}.Release|x64.Build.0 = Release|x64
		{49247793-58CE-4FFC-8DED-2DF2D3193424}.Release|x86.ActiveCfg = Release|x86
		{49247793-58CE-4FFC-8DED-2DF2D3193424}.Release|x86.Build.0 = Release|x86
		{22F9631E-90EE-405B-BEA2-77D0D24B39E3}.Debug|Any CPU.ActiveCfg = Debug|Any CPU
		{22F9631E-90EE-405B-BEA2-77D0D24B39E3}.Debug|Any CPU.Build.0 = Debug|Any CPU
		{22F9631E-90EE-405B-BEA2-77D0D24B39E3}.Release|Any CPU.ActiveCfg = Release|Any CPU
		{22F9631E-90EE-405B-BEA2-77D0D24B39E3}.Release|Any CPU.Build.0 = Release|Any CPU
		{22F9631E-90EE-405B-BEA2-77D0D24B39E3}.Debug|x64.ActiveCfg = Debug|x64
		{22F9631E-90EE-405B-BEA2-77D0D24B39E3}.Debug|x64.Build.0 = Debug|x64
		{22F9631E-90EE-405B-BEA2-77D0D24B39E3}.Debug|x86.ActiveCfg = Debug|x86
		{22F9631E-90EE-405B-BEA2-77D0D24B39E3}.Debug|x86.Build.0 = Debug|x86
		{22F9631E-90EE-405B-BEA2-77D0D24B39E3}.Release|x64.ActiveCfg = Release|x64
		{22F9631E-90EE-405B-BEA2-77D0D24B39E3}.Release|x64.Build.0 = Release|x64
		{22F9631E-90EE-405B-BEA2-77D0D24B39E3}.Release|x86.ActiveCfg = Release|x86
		{22F9631E-90EE-405B-BEA2-77D0D24B39E3}.Release|x86.Build.0 = Release|x86
		{9A416EAB-7F8A-4966-987A-E7DC089995EC}.Debug|Any CPU.ActiveCfg = Debug|Any CPU
		{9A416EAB-7F8A-4966-987A-E7DC089995EC}.Debug|Any CPU.Build.0 = Debug|Any CPU
		{9A416EAB-7F8A-4966-987A-E7DC089995EC}.Release|Any CPU.ActiveCfg = Release|Any CPU
		{9A416EAB-7F8A-4966-987A-E7DC089995EC}.Release|Any CPU.Build.0 = Release|Any CPU
		{9A416EAB-7F8A-4966-987A-E7DC089995EC}.Debug|x64.ActiveCfg = Debug|Any CPU
		{9A416EAB-7F8A-4966-987A-E7DC089995EC}.Debug|x64.Build.0 = Debug|Any CPU
		{9A416EAB-7F8A-4966-987A-E7DC089995EC}.Debug|x86.ActiveCfg = Debug|Any CPU
		{9A416EAB-7F8A-4966-987A-E7DC089995EC}.Debug|x86.Build.0 = Debug|Any CPU
		{9A416EAB-7F8A-4966-987A-E7DC089995EC}.Release|x64.ActiveCfg = Release|Any CPU
		{9A416EAB-7F8A-4966-987A-E7DC089995EC}.Release|x64.Build.0 = Release|Any CPU
		{9A416EAB-7F8A-4966-987A-E7DC089995EC}.Release|x86.ActiveCfg = Release|Any CPU
		{9A416EAB-7F8A-4966-987A-E7DC089995EC}.Release|x86.Build.0 = Release|Any CPU
	EndGlobalSection
EndGlobal
