Microsoft Visual Studio Solution File, Format Version 12.00
# Visual Studio 2012
Project("{FAE04EC0-301F-11D3-BF4B-00C04F79EFBC}") = "DataLoader.Tests", "test\DataLoader.Tests\DataLoader.Tests.csproj", "{22F9631E-90EE-405B-BEA2-77D0D24B39E3}"
EndProject
Project("{FAE04EC0-301F-11D3-BF4B-00C04F79EFBC}") = "DataLoader.StarWars", "sample\DataLoader.StarWars\DataLoader.StarWars.csproj", "{AB099A22-F89E-4C7B-BDBF-1373CF2190F4}"
EndProject
Project("{FAE04EC0-301F-11D3-BF4B-00C04F79EFBC}") = "DataLoader", "src\DataLoader\DataLoader.csproj", "{94870F79-F4CD-4128-A613-38214FFAEA90}"
EndProject
Global
	GlobalSection(SolutionConfigurationPlatforms) = preSolution
		Debug|Any CPU = Debug|Any CPU
		Release|Any CPU = Release|Any CPU
		Debug|x64 = Debug|x64
		Debug|x86 = Debug|x86
		Release|x64 = Release|x64
		Release|x86 = Release|x86
	EndGlobalSection
	GlobalSection(ProjectConfigurationPlatforms) = postSolution
		{22F9631E-90EE-405B-BEA2-77D0D24B39E3}.Debug|Any CPU.ActiveCfg = Debug|Any CPU
		{22F9631E-90EE-405B-BEA2-77D0D24B39E3}.Debug|Any CPU.Build.0 = Debug|Any CPU
		{22F9631E-90EE-405B-BEA2-77D0D24B39E3}.Release|Any CPU.ActiveCfg = Release|Any CPU
		{22F9631E-90EE-405B-BEA2-77D0D24B39E3}.Release|Any CPU.Build.0 = Release|Any CPU
		{AB099A22-F89E-4C7B-BDBF-1373CF2190F4}.Debug|Any CPU.ActiveCfg = Debug|Any CPU
		{AB099A22-F89E-4C7B-BDBF-1373CF2190F4}.Debug|Any CPU.Build.0 = Debug|Any CPU
		{AB099A22-F89E-4C7B-BDBF-1373CF2190F4}.Release|Any CPU.ActiveCfg = Release|Any CPU
		{AB099A22-F89E-4C7B-BDBF-1373CF2190F4}.Release|Any CPU.Build.0 = Release|Any CPU
		{94870F79-F4CD-4128-A613-38214FFAEA90}.Debug|Any CPU.ActiveCfg = Debug|Any CPU
		{94870F79-F4CD-4128-A613-38214FFAEA90}.Debug|Any CPU.Build.0 = Debug|Any CPU
		{94870F79-F4CD-4128-A613-38214FFAEA90}.Release|Any CPU.ActiveCfg = Release|Any CPU
		{94870F79-F4CD-4128-A613-38214FFAEA90}.Release|Any CPU.Build.0 = Release|Any CPU
	EndGlobalSection
	GlobalSection(MonoDevelopProperties) = preSolution
		Policies = $0
		$0.DotNetNamingPolicy = $1
		$1.DirectoryNamespaceAssociation = PrefixedHierarchical
		$0.TextStylePolicy = $2
		$2.scope = text/x-csharp
		$2.FileWidth = 80
		$2.TabsToSpaces = True
		$0.CSharpFormattingPolicy = $3
		$3.scope = text/x-csharp
		$0.TextStylePolicy = $4
		$4.FileWidth = 80
		$4.TabsToSpaces = True
		$4.NoTabsAfterNonTabs = True
		$4.scope = text/plain
		$0.StandardHeader = $5
		$0.VersionControlPolicy = $6
	EndGlobalSection
EndGlobal
