Microsoft Visual Studio Solution File, Format Version 12.00
# Visual Studio 2012
Project("{2150E333-8FDC-42A3-9474-1A3956D46DE8}") = "src", "src", "{20CC838A-71BB-4E86-A42C-73B8377E27F6}"
EndProject
Project("{13B669BE-BB05-4DDF-9536-439F39A36129}") = "DataLoader", "src\DataLoader\DataLoader.csproj", "{B151D82A-D7D1-482F-807B-FF81173BEE23}"
EndProject
Project("{2150E333-8FDC-42A3-9474-1A3956D46DE8}") = "test", "test", "{DC61FB3A-A4D0-4852-9346-B2760F4C482D}"
EndProject
Project("{13B669BE-BB05-4DDF-9536-439F39A36129}") = "DataLoader.Tests", "test\DataLoader.Tests\DataLoader.Tests.csproj", "{2A41C0D0-F7BB-4642-AA6A-5774E709461A}"
EndProject
Project("{2150E333-8FDC-42A3-9474-1A3956D46DE8}") = "samples", "samples", "{7322AECE-6673-4221-A1F9-CBC2BD998DC9}"
EndProject
Project("{13B669BE-BB05-4DDF-9536-439F39A36129}") = "DataLoader.GraphQL.StarWars", "samples\DataLoader.GraphQL.StarWars\DataLoader.GraphQL.StarWars.csproj", "{5B9CC67E-9B1B-4F8A-B47E-D60FC359CE2A}"
EndProject
Global
	GlobalSection(SolutionConfigurationPlatforms) = preSolution
		Debug|Any CPU = Debug|Any CPU
		Debug|x64 = Debug|x64
		Debug|x86 = Debug|x86
		Release|Any CPU = Release|Any CPU
		Release|x64 = Release|x64
		Release|x86 = Release|x86
	EndGlobalSection
	GlobalSection(ProjectConfigurationPlatforms) = postSolution
		{B151D82A-D7D1-482F-807B-FF81173BEE23}.Debug|Any CPU.ActiveCfg = Debug|Any CPU
		{B151D82A-D7D1-482F-807B-FF81173BEE23}.Debug|Any CPU.Build.0 = Debug|Any CPU
		{B151D82A-D7D1-482F-807B-FF81173BEE23}.Debug|x64.ActiveCfg = Debug|x64
		{B151D82A-D7D1-482F-807B-FF81173BEE23}.Debug|x64.Build.0 = Debug|x64
		{B151D82A-D7D1-482F-807B-FF81173BEE23}.Debug|x86.ActiveCfg = Debug|x86
		{B151D82A-D7D1-482F-807B-FF81173BEE23}.Debug|x86.Build.0 = Debug|x86
		{B151D82A-D7D1-482F-807B-FF81173BEE23}.Release|Any CPU.ActiveCfg = Release|Any CPU
		{B151D82A-D7D1-482F-807B-FF81173BEE23}.Release|Any CPU.Build.0 = Release|Any CPU
		{B151D82A-D7D1-482F-807B-FF81173BEE23}.Release|x64.ActiveCfg = Release|x64
		{B151D82A-D7D1-482F-807B-FF81173BEE23}.Release|x64.Build.0 = Release|x64
		{B151D82A-D7D1-482F-807B-FF81173BEE23}.Release|x86.ActiveCfg = Release|x86
		{B151D82A-D7D1-482F-807B-FF81173BEE23}.Release|x86.Build.0 = Release|x86
		{2A41C0D0-F7BB-4642-AA6A-5774E709461A}.Debug|Any CPU.ActiveCfg = Debug|Any CPU
		{2A41C0D0-F7BB-4642-AA6A-5774E709461A}.Debug|Any CPU.Build.0 = Debug|Any CPU
		{2A41C0D0-F7BB-4642-AA6A-5774E709461A}.Debug|x64.ActiveCfg = Debug|x64
		{2A41C0D0-F7BB-4642-AA6A-5774E709461A}.Debug|x64.Build.0 = Debug|x64
		{2A41C0D0-F7BB-4642-AA6A-5774E709461A}.Debug|x86.ActiveCfg = Debug|x86
		{2A41C0D0-F7BB-4642-AA6A-5774E709461A}.Debug|x86.Build.0 = Debug|x86
		{2A41C0D0-F7BB-4642-AA6A-5774E709461A}.Release|Any CPU.ActiveCfg = Release|Any CPU
		{2A41C0D0-F7BB-4642-AA6A-5774E709461A}.Release|Any CPU.Build.0 = Release|Any CPU
		{2A41C0D0-F7BB-4642-AA6A-5774E709461A}.Release|x64.ActiveCfg = Release|x64
		{2A41C0D0-F7BB-4642-AA6A-5774E709461A}.Release|x64.Build.0 = Release|x64
		{2A41C0D0-F7BB-4642-AA6A-5774E709461A}.Release|x86.ActiveCfg = Release|x86
		{2A41C0D0-F7BB-4642-AA6A-5774E709461A}.Release|x86.Build.0 = Release|x86
		{5B9CC67E-9B1B-4F8A-B47E-D60FC359CE2A}.Debug|Any CPU.ActiveCfg = Debug|Any CPU
		{5B9CC67E-9B1B-4F8A-B47E-D60FC359CE2A}.Debug|Any CPU.Build.0 = Debug|Any CPU
		{5B9CC67E-9B1B-4F8A-B47E-D60FC359CE2A}.Debug|x64.ActiveCfg = Debug|x64
		{5B9CC67E-9B1B-4F8A-B47E-D60FC359CE2A}.Debug|x64.Build.0 = Debug|x64
		{5B9CC67E-9B1B-4F8A-B47E-D60FC359CE2A}.Debug|x86.ActiveCfg = Debug|x86
		{5B9CC67E-9B1B-4F8A-B47E-D60FC359CE2A}.Debug|x86.Build.0 = Debug|x86
		{5B9CC67E-9B1B-4F8A-B47E-D60FC359CE2A}.Release|Any CPU.ActiveCfg = Release|Any CPU
		{5B9CC67E-9B1B-4F8A-B47E-D60FC359CE2A}.Release|Any CPU.Build.0 = Release|Any CPU
		{5B9CC67E-9B1B-4F8A-B47E-D60FC359CE2A}.Release|x64.ActiveCfg = Release|x64
		{5B9CC67E-9B1B-4F8A-B47E-D60FC359CE2A}.Release|x64.Build.0 = Release|x64
		{5B9CC67E-9B1B-4F8A-B47E-D60FC359CE2A}.Release|x86.ActiveCfg = Release|x86
		{5B9CC67E-9B1B-4F8A-B47E-D60FC359CE2A}.Release|x86.Build.0 = Release|x86
	EndGlobalSection
	GlobalSection(NestedProjects) = preSolution
		{B151D82A-D7D1-482F-807B-FF81173BEE23} = {20CC838A-71BB-4E86-A42C-73B8377E27F6}
		{2A41C0D0-F7BB-4642-AA6A-5774E709461A} = {DC61FB3A-A4D0-4852-9346-B2760F4C482D}
		{5B9CC67E-9B1B-4F8A-B47E-D60FC359CE2A} = {7322AECE-6673-4221-A1F9-CBC2BD998DC9}
	EndGlobalSection
EndGlobal
